// !$*UTF8*$!
{
	archiveVersion = 1;
	classes = {
	};
	objectVersion = 60;
	objects = {

/* Begin PBXBuildFile section */
		CF3F07F828F86847005D5E70 /* BirdListProvidable.swift in Sources */ = {isa = PBXBuildFile; fileRef = CF3F07F728F86847005D5E70 /* BirdListProvidable.swift */; };
		CF6CCE522A5C3DC600B0C707 /* MoreInfo.swift in Sources */ = {isa = PBXBuildFile; fileRef = CF6CCE512A5C3DC600B0C707 /* MoreInfo.swift */; };
		CFB906012A5E537F00146FB3 /* BirdDetailView.swift in Sources */ = {isa = PBXBuildFile; fileRef = CFB906002A5E537F00146FB3 /* BirdDetailView.swift */; };
		CFB906032A61786800146FB3 /* View+IfAvailable.swift in Sources */ = {isa = PBXBuildFile; fileRef = CFB906022A61786800146FB3 /* View+IfAvailable.swift */; };
		CFBFB5062A1F951900DC81B0 /* Bird+Transferable.swift in Sources */ = {isa = PBXBuildFile; fileRef = CFBFB5052A1F951900DC81B0 /* Bird+Transferable.swift */; };
		CFBFB5082A1FD40D00DC81B0 /* UTType+Bird.swift in Sources */ = {isa = PBXBuildFile; fileRef = CFBFB5072A1FD40D00DC81B0 /* UTType+Bird.swift */; };
		CFBFB50A2A1FDDCD00DC81B0 /* BirdListTransferable.swift in Sources */ = {isa = PBXBuildFile; fileRef = CFBFB5092A1FDDCD00DC81B0 /* BirdListTransferable.swift */; };
		CFE4F6342A6F6B8E0012C336 /* DraggableStringView.swift in Sources */ = {isa = PBXBuildFile; fileRef = CFE4F6332A6F6B8E0012C336 /* DraggableStringView.swift */; };
		CFE4F6362A6F6BB70012C336 /* DraggableView.swift in Sources */ = {isa = PBXBuildFile; fileRef = CFE4F6352A6F6BB70012C336 /* DraggableView.swift */; };
		CFF321272CAF3DDA008DC0DB /* ILikeToMoveIt in Frameworks */ = {isa = PBXBuildFile; productRef = CFF321262CAF3DDA008DC0DB /* ILikeToMoveIt */; };
		CFF37A1D28F5ED1A00E967FB /* DragAndDropApp.swift in Sources */ = {isa = PBXBuildFile; fileRef = CFF37A1C28F5ED1A00E967FB /* DragAndDropApp.swift */; };
		CFF37A1F28F5ED1A00E967FB /* ContentView.swift in Sources */ = {isa = PBXBuildFile; fileRef = CFF37A1E28F5ED1A00E967FB /* ContentView.swift */; };
		CFF37A2128F5ED1A00E967FB /* Assets.xcassets in Resources */ = {isa = PBXBuildFile; fileRef = CFF37A2028F5ED1A00E967FB /* Assets.xcassets */; };
		CFF37A2428F5ED1A00E967FB /* Preview Assets.xcassets in Resources */ = {isa = PBXBuildFile; fileRef = CFF37A2328F5ED1A00E967FB /* Preview Assets.xcassets */; };
		CFF37A2B28F5ED5100E967FB /* Bird.swift in Sources */ = {isa = PBXBuildFile; fileRef = CFF37A2A28F5ED5100E967FB /* Bird.swift */; };
		CFFEB3212A537B1100C8C974 /* Bird+Providable.swift in Sources */ = {isa = PBXBuildFile; fileRef = CFFEB3202A537B1100C8C974 /* Bird+Providable.swift */; };
/* End PBXBuildFile section */

/* Begin PBXFileReference section */
		CF3F07F728F86847005D5E70 /* BirdListProvidable.swift */ = {isa = PBXFileReference; lastKnownFileType = sourcecode.swift; path = BirdListProvidable.swift; sourceTree = "<group>"; };
		CF6CCE512A5C3DC600B0C707 /* MoreInfo.swift */ = {isa = PBXFileReference; lastKnownFileType = sourcecode.swift; path = MoreInfo.swift; sourceTree = "<group>"; };
		CFB906002A5E537F00146FB3 /* BirdDetailView.swift */ = {isa = PBXFileReference; lastKnownFileType = sourcecode.swift; path = BirdDetailView.swift; sourceTree = "<group>"; };
		CFB906022A61786800146FB3 /* View+IfAvailable.swift */ = {isa = PBXFileReference; lastKnownFileType = sourcecode.swift; path = "View+IfAvailable.swift"; sourceTree = "<group>"; };
		CFBFB5052A1F951900DC81B0 /* Bird+Transferable.swift */ = {isa = PBXFileReference; lastKnownFileType = sourcecode.swift; path = "Bird+Transferable.swift"; sourceTree = "<group>"; };
		CFBFB5072A1FD40D00DC81B0 /* UTType+Bird.swift */ = {isa = PBXFileReference; lastKnownFileType = sourcecode.swift; path = "UTType+Bird.swift"; sourceTree = "<group>"; };
		CFBFB5092A1FDDCD00DC81B0 /* BirdListTransferable.swift */ = {isa = PBXFileReference; lastKnownFileType = sourcecode.swift; path = BirdListTransferable.swift; sourceTree = "<group>"; };
		CFE4F6332A6F6B8E0012C336 /* DraggableStringView.swift */ = {isa = PBXFileReference; lastKnownFileType = sourcecode.swift; path = DraggableStringView.swift; sourceTree = "<group>"; };
		CFE4F6352A6F6BB70012C336 /* DraggableView.swift */ = {isa = PBXFileReference; lastKnownFileType = sourcecode.swift; path = DraggableView.swift; sourceTree = "<group>"; };
		CFF37A1928F5ED1A00E967FB /* DragAndDrop.app */ = {isa = PBXFileReference; explicitFileType = wrapper.application; includeInIndex = 0; path = DragAndDrop.app; sourceTree = BUILT_PRODUCTS_DIR; };
		CFF37A1C28F5ED1A00E967FB /* DragAndDropApp.swift */ = {isa = PBXFileReference; lastKnownFileType = sourcecode.swift; path = DragAndDropApp.swift; sourceTree = "<group>"; };
		CFF37A1E28F5ED1A00E967FB /* ContentView.swift */ = {isa = PBXFileReference; lastKnownFileType = sourcecode.swift; path = ContentView.swift; sourceTree = "<group>"; };
		CFF37A2028F5ED1A00E967FB /* Assets.xcassets */ = {isa = PBXFileReference; lastKnownFileType = folder.assetcatalog; path = Assets.xcassets; sourceTree = "<group>"; };
		CFF37A2328F5ED1A00E967FB /* Preview Assets.xcassets */ = {isa = PBXFileReference; lastKnownFileType = folder.assetcatalog; path = "Preview Assets.xcassets"; sourceTree = "<group>"; };
		CFF37A2A28F5ED5100E967FB /* Bird.swift */ = {isa = PBXFileReference; lastKnownFileType = sourcecode.swift; path = Bird.swift; sourceTree = "<group>"; };
		CFF37A2E28F6011A00E967FB /* Info.plist */ = {isa = PBXFileReference; lastKnownFileType = text.plist; path = Info.plist; sourceTree = "<group>"; };
		CFFEB3202A537B1100C8C974 /* Bird+Providable.swift */ = {isa = PBXFileReference; lastKnownFileType = sourcecode.swift; path = "Bird+Providable.swift"; sourceTree = "<group>"; };
/* End PBXFileReference section */

/* Begin PBXFrameworksBuildPhase section */
		CFF37A1628F5ED1A00E967FB /* Frameworks */ = {
			isa = PBXFrameworksBuildPhase;
			buildActionMask = 2147483647;
			files = (
				CFF321272CAF3DDA008DC0DB /* ILikeToMoveIt in Frameworks */,
			);
			runOnlyForDeploymentPostprocessing = 0;
		};
/* End PBXFrameworksBuildPhase section */

/* Begin PBXGroup section */
		CFBFB50D2A1FE02600DC81B0 /* Bird+Transferable */ = {
			isa = PBXGroup;
			children = (
				CFBFB5092A1FDDCD00DC81B0 /* BirdListTransferable.swift */,
				CFBFB5052A1F951900DC81B0 /* Bird+Transferable.swift */,
			);
			path = "Bird+Transferable";
			sourceTree = "<group>";
		};
		CFD08A7E2A5388950018ED7E /* Bird+Providable */ = {
			isa = PBXGroup;
			children = (
				CF3F07F728F86847005D5E70 /* BirdListProvidable.swift */,
				CFFEB3202A537B1100C8C974 /* Bird+Providable.swift */,
			);
			path = "Bird+Providable";
			sourceTree = "<group>";
		};
		CFF321252CAF3DDA008DC0DB /* Frameworks */ = {
			isa = PBXGroup;
			children = (
			);
			name = Frameworks;
			sourceTree = "<group>";
		};
		CFF37A1028F5ED1A00E967FB = {
			isa = PBXGroup;
			children = (
				CFF37A1B28F5ED1A00E967FB /* DragAndDrop */,
				CFF321252CAF3DDA008DC0DB /* Frameworks */,
				CFF37A1A28F5ED1A00E967FB /* Products */,
			);
			sourceTree = "<group>";
		};
		CFF37A1A28F5ED1A00E967FB /* Products */ = {
			isa = PBXGroup;
			children = (
				CFF37A1928F5ED1A00E967FB /* DragAndDrop.app */,
			);
			name = Products;
			sourceTree = "<group>";
		};
		CFF37A1B28F5ED1A00E967FB /* DragAndDrop */ = {
			isa = PBXGroup;
			children = (
				CFF37A2E28F6011A00E967FB /* Info.plist */,
				CFF37A1C28F5ED1A00E967FB /* DragAndDropApp.swift */,
				CFF37A1E28F5ED1A00E967FB /* ContentView.swift */,
				CFE4F6332A6F6B8E0012C336 /* DraggableStringView.swift */,
				CFE4F6352A6F6BB70012C336 /* DraggableView.swift */,
				CFB906002A5E537F00146FB3 /* BirdDetailView.swift */,
				CF6CCE512A5C3DC600B0C707 /* MoreInfo.swift */,
				CFF37A2A28F5ED5100E967FB /* Bird.swift */,
				CFBFB5072A1FD40D00DC81B0 /* UTType+Bird.swift */,
				CFB906022A61786800146FB3 /* View+IfAvailable.swift */,
				CFBFB50D2A1FE02600DC81B0 /* Bird+Transferable */,
				CFD08A7E2A5388950018ED7E /* Bird+Providable */,
				CFF37A2028F5ED1A00E967FB /* Assets.xcassets */,
				CFF37A2228F5ED1A00E967FB /* Preview Content */,
			);
			path = DragAndDrop;
			sourceTree = "<group>";
		};
		CFF37A2228F5ED1A00E967FB /* Preview Content */ = {
			isa = PBXGroup;
			children = (
				CFF37A2328F5ED1A00E967FB /* Preview Assets.xcassets */,
			);
			path = "Preview Content";
			sourceTree = "<group>";
		};
/* End PBXGroup section */

/* Begin PBXNativeTarget section */
		CFF37A1828F5ED1A00E967FB /* DragAndDrop */ = {
			isa = PBXNativeTarget;
			buildConfigurationList = CFF37A2728F5ED1A00E967FB /* Build configuration list for PBXNativeTarget "DragAndDrop" */;
			buildPhases = (
				CFF37A1528F5ED1A00E967FB /* Sources */,
				CFF37A1628F5ED1A00E967FB /* Frameworks */,
				CFF37A1728F5ED1A00E967FB /* Resources */,
			);
			buildRules = (
			);
			dependencies = (
			);
			name = DragAndDrop;
			packageProductDependencies = (
				CFF321262CAF3DDA008DC0DB /* ILikeToMoveIt */,
			);
			productName = DragAndDrop;
			productReference = CFF37A1928F5ED1A00E967FB /* DragAndDrop.app */;
			productType = "com.apple.product-type.application";
		};
/* End PBXNativeTarget section */

/* Begin PBXProject section */
		CFF37A1128F5ED1A00E967FB /* Project object */ = {
			isa = PBXProject;
			attributes = {
				BuildIndependentTargetsInParallel = 1;
				LastSwiftUpdateCheck = 1400;
				LastUpgradeCheck = 1530;
				TargetAttributes = {
					CFF37A1828F5ED1A00E967FB = {
						CreatedOnToolsVersion = 14.0.1;
					};
				};
			};
			buildConfigurationList = CFF37A1428F5ED1A00E967FB /* Build configuration list for PBXProject "DragAndDrop" */;
			compatibilityVersion = "Xcode 14.0";
			developmentRegion = en;
			hasScannedForEncodings = 0;
			knownRegions = (
				en,
				Base,
			);
			mainGroup = CFF37A1028F5ED1A00E967FB;
			packageReferences = (
				CFB7DE112CAF356600B50D49 /* XCLocalSwiftPackageReference "../../ILikeToMoveIt" */,
			);
			productRefGroup = CFF37A1A28F5ED1A00E967FB /* Products */;
			projectDirPath = "";
			projectRoot = "";
			targets = (
				CFF37A1828F5ED1A00E967FB /* DragAndDrop */,
			);
		};
/* End PBXProject section */

/* Begin PBXResourcesBuildPhase section */
		CFF37A1728F5ED1A00E967FB /* Resources */ = {
			isa = PBXResourcesBuildPhase;
			buildActionMask = 2147483647;
			files = (
				CFF37A2428F5ED1A00E967FB /* Preview Assets.xcassets in Resources */,
				CFF37A2128F5ED1A00E967FB /* Assets.xcassets in Resources */,
			);
			runOnlyForDeploymentPostprocessing = 0;
		};
/* End PBXResourcesBuildPhase section */

/* Begin PBXSourcesBuildPhase section */
		CFF37A1528F5ED1A00E967FB /* Sources */ = {
			isa = PBXSourcesBuildPhase;
			buildActionMask = 2147483647;
			files = (
				CFF37A1F28F5ED1A00E967FB /* ContentView.swift in Sources */,
				CFE4F6362A6F6BB70012C336 /* DraggableView.swift in Sources */,
				CFF37A2B28F5ED5100E967FB /* Bird.swift in Sources */,
				CFFEB3212A537B1100C8C974 /* Bird+Providable.swift in Sources */,
				CFBFB50A2A1FDDCD00DC81B0 /* BirdListTransferable.swift in Sources */,
				CFBFB5082A1FD40D00DC81B0 /* UTType+Bird.swift in Sources */,
				CFB906012A5E537F00146FB3 /* BirdDetailView.swift in Sources */,
				CFBFB5062A1F951900DC81B0 /* Bird+Transferable.swift in Sources */,
				CFF37A1D28F5ED1A00E967FB /* DragAndDropApp.swift in Sources */,
				CF3F07F828F86847005D5E70 /* BirdListProvidable.swift in Sources */,
				CF6CCE522A5C3DC600B0C707 /* MoreInfo.swift in Sources */,
				CFB906032A61786800146FB3 /* View+IfAvailable.swift in Sources */,
				CFE4F6342A6F6B8E0012C336 /* DraggableStringView.swift in Sources */,
			);
			runOnlyForDeploymentPostprocessing = 0;
		};
/* End PBXSourcesBuildPhase section */

/* Begin XCBuildConfiguration section */
		CFF37A2528F5ED1A00E967FB /* Debug */ = {
			isa = XCBuildConfiguration;
			buildSettings = {
				ALWAYS_SEARCH_USER_PATHS = NO;
				CLANG_ANALYZER_NONNULL = YES;
				CLANG_ANALYZER_NUMBER_OBJECT_CONVERSION = YES_AGGRESSIVE;
				CLANG_CXX_LANGUAGE_STANDARD = "gnu++20";
				CLANG_ENABLE_MODULES = YES;
				CLANG_ENABLE_OBJC_ARC = YES;
				CLANG_ENABLE_OBJC_WEAK = YES;
				CLANG_WARN_BLOCK_CAPTURE_AUTORELEASING = YES;
				CLANG_WARN_BOOL_CONVERSION = YES;
				CLANG_WARN_COMMA = YES;
				CLANG_WARN_CONSTANT_CONVERSION = YES;
				CLANG_WARN_DEPRECATED_OBJC_IMPLEMENTATIONS = YES;
				CLANG_WARN_DIRECT_OBJC_ISA_USAGE = YES_ERROR;
				CLANG_WARN_DOCUMENTATION_COMMENTS = YES;
				CLANG_WARN_EMPTY_BODY = YES;
				CLANG_WARN_ENUM_CONVERSION = YES;
				CLANG_WARN_INFINITE_RECURSION = YES;
				CLANG_WARN_INT_CONVERSION = YES;
				CLANG_WARN_NON_LITERAL_NULL_CONVERSION = YES;
				CLANG_WARN_OBJC_IMPLICIT_RETAIN_SELF = YES;
				CLANG_WARN_OBJC_LITERAL_CONVERSION = YES;
				CLANG_WARN_OBJC_ROOT_CLASS = YES_ERROR;
				CLANG_WARN_QUOTED_INCLUDE_IN_FRAMEWORK_HEADER = YES;
				CLANG_WARN_RANGE_LOOP_ANALYSIS = YES;
				CLANG_WARN_STRICT_PROTOTYPES = YES;
				CLANG_WARN_SUSPICIOUS_MOVE = YES;
				CLANG_WARN_UNGUARDED_AVAILABILITY = YES_AGGRESSIVE;
				CLANG_WARN_UNREACHABLE_CODE = YES;
				CLANG_WARN__DUPLICATE_METHOD_MATCH = YES;
				COPY_PHASE_STRIP = NO;
				DEBUG_INFORMATION_FORMAT = dwarf;
				ENABLE_STRICT_OBJC_MSGSEND = YES;
				ENABLE_TESTABILITY = YES;
				ENABLE_USER_SCRIPT_SANDBOXING = YES;
				GCC_C_LANGUAGE_STANDARD = gnu11;
				GCC_DYNAMIC_NO_PIC = NO;
				GCC_NO_COMMON_BLOCKS = YES;
				GCC_OPTIMIZATION_LEVEL = 0;
				GCC_PREPROCESSOR_DEFINITIONS = (
					"DEBUG=1",
					"$(inherited)",
				);
				GCC_WARN_64_TO_32_BIT_CONVERSION = YES;
				GCC_WARN_ABOUT_RETURN_TYPE = YES_ERROR;
				GCC_WARN_UNDECLARED_SELECTOR = YES;
				GCC_WARN_UNINITIALIZED_AUTOS = YES_AGGRESSIVE;
				GCC_WARN_UNUSED_FUNCTION = YES;
				GCC_WARN_UNUSED_VARIABLE = YES;
				IPHONEOS_DEPLOYMENT_TARGET = 16.0;
				MTL_ENABLE_DEBUG_INFO = INCLUDE_SOURCE;
				MTL_FAST_MATH = YES;
				ONLY_ACTIVE_ARCH = YES;
				SDKROOT = iphoneos;
				SWIFT_ACTIVE_COMPILATION_CONDITIONS = DEBUG;
				SWIFT_OPTIMIZATION_LEVEL = "-Onone";
				SWIFT_STRICT_CONCURRENCY = complete;
			};
			name = Debug;
		};
		CFF37A2628F5ED1A00E967FB /* Release */ = {
			isa = XCBuildConfiguration;
			buildSettings = {
				ALWAYS_SEARCH_USER_PATHS = NO;
				CLANG_ANALYZER_NONNULL = YES;
				CLANG_ANALYZER_NUMBER_OBJECT_CONVERSION = YES_AGGRESSIVE;
				CLANG_CXX_LANGUAGE_STANDARD = "gnu++20";
				CLANG_ENABLE_MODULES = YES;
				CLANG_ENABLE_OBJC_ARC = YES;
				CLANG_ENABLE_OBJC_WEAK = YES;
				CLANG_WARN_BLOCK_CAPTURE_AUTORELEASING = YES;
				CLANG_WARN_BOOL_CONVERSION = YES;
				CLANG_WARN_COMMA = YES;
				CLANG_WARN_CONSTANT_CONVERSION = YES;
				CLANG_WARN_DEPRECATED_OBJC_IMPLEMENTATIONS = YES;
				CLANG_WARN_DIRECT_OBJC_ISA_USAGE = YES_ERROR;
				CLANG_WARN_DOCUMENTATION_COMMENTS = YES;
				CLANG_WARN_EMPTY_BODY = YES;
				CLANG_WARN_ENUM_CONVERSION = YES;
				CLANG_WARN_INFINITE_RECURSION = YES;
				CLANG_WARN_INT_CONVERSION = YES;
				CLANG_WARN_NON_LITERAL_NULL_CONVERSION = YES;
				CLANG_WARN_OBJC_IMPLICIT_RETAIN_SELF = YES;
				CLANG_WARN_OBJC_LITERAL_CONVERSION = YES;
				CLANG_WARN_OBJC_ROOT_CLASS = YES_ERROR;
				CLANG_WARN_QUOTED_INCLUDE_IN_FRAMEWORK_HEADER = YES;
				CLANG_WARN_RANGE_LOOP_ANALYSIS = YES;
				CLANG_WARN_STRICT_PROTOTYPES = YES;
				CLANG_WARN_SUSPICIOUS_MOVE = YES;
				CLANG_WARN_UNGUARDED_AVAILABILITY = YES_AGGRESSIVE;
				CLANG_WARN_UNREACHABLE_CODE = YES;
				CLANG_WARN__DUPLICATE_METHOD_MATCH = YES;
				COPY_PHASE_STRIP = NO;
				DEBUG_INFORMATION_FORMAT = "dwarf-with-dsym";
				ENABLE_NS_ASSERTIONS = NO;
				ENABLE_STRICT_OBJC_MSGSEND = YES;
				ENABLE_USER_SCRIPT_SANDBOXING = YES;
				GCC_C_LANGUAGE_STANDARD = gnu11;
				GCC_NO_COMMON_BLOCKS = YES;
				GCC_WARN_64_TO_32_BIT_CONVERSION = YES;
				GCC_WARN_ABOUT_RETURN_TYPE = YES_ERROR;
				GCC_WARN_UNDECLARED_SELECTOR = YES;
				GCC_WARN_UNINITIALIZED_AUTOS = YES_AGGRESSIVE;
				GCC_WARN_UNUSED_FUNCTION = YES;
				GCC_WARN_UNUSED_VARIABLE = YES;
				IPHONEOS_DEPLOYMENT_TARGET = 16.0;
				MTL_ENABLE_DEBUG_INFO = NO;
				MTL_FAST_MATH = YES;
				SDKROOT = iphoneos;
				SWIFT_COMPILATION_MODE = wholemodule;
				SWIFT_OPTIMIZATION_LEVEL = "-O";
				SWIFT_STRICT_CONCURRENCY = complete;
				VALIDATE_PRODUCT = YES;
			};
			name = Release;
		};
		CFF37A2828F5ED1A00E967FB /* Debug */ = {
			isa = XCBuildConfiguration;
			buildSettings = {
				ASSETCATALOG_COMPILER_APPICON_NAME = AppIcon;
				ASSETCATALOG_COMPILER_GLOBAL_ACCENT_COLOR_NAME = AccentColor;
				CODE_SIGN_STYLE = Automatic;
				CURRENT_PROJECT_VERSION = 1;
				DEVELOPMENT_ASSET_PATHS = "\"DragAndDrop/Preview Content\"";
				DEVELOPMENT_TEAM = 97423JQ8B9;
				ENABLE_PREVIEWS = YES;
				GENERATE_INFOPLIST_FILE = YES;
				INFOPLIST_FILE = DragAndDrop/Info.plist;
				INFOPLIST_KEY_CFBundleDisplayName = iLikeToMoveIt;
				INFOPLIST_KEY_LSApplicationCategoryType = "public.app-category.developer-tools";
				INFOPLIST_KEY_UIApplicationSceneManifest_Generation = YES;
				INFOPLIST_KEY_UIApplicationSupportsIndirectInputEvents = YES;
				INFOPLIST_KEY_UILaunchScreen_Generation = YES;
				INFOPLIST_KEY_UISupportedInterfaceOrientations_iPad = "UIInterfaceOrientationPortrait UIInterfaceOrientationPortraitUpsideDown UIInterfaceOrientationLandscapeLeft UIInterfaceOrientationLandscapeRight";
				INFOPLIST_KEY_UISupportedInterfaceOrientations_iPhone = "UIInterfaceOrientationPortrait UIInterfaceOrientationLandscapeLeft UIInterfaceOrientationLandscapeRight";
				IPHONEOS_DEPLOYMENT_TARGET = 14.0;
				LD_RUNPATH_SEARCH_PATHS = (
					"$(inherited)",
					"@executable_path/Frameworks",
				);
				MARKETING_VERSION = 1.0;
				PRODUCT_BUNDLE_IDENTIFIER = com.abetterwaytodo.DragAndDrop;
				PRODUCT_NAME = "$(TARGET_NAME)";
				SWIFT_EMIT_LOC_STRINGS = YES;
				SWIFT_STRICT_CONCURRENCY = complete;
				SWIFT_VERSION = 6.0;
				TARGETED_DEVICE_FAMILY = "1,2";
			};
			name = Debug;
		};
		CFF37A2928F5ED1A00E967FB /* Release */ = {
			isa = XCBuildConfiguration;
			buildSettings = {
				ASSETCATALOG_COMPILER_APPICON_NAME = AppIcon;
				ASSETCATALOG_COMPILER_GLOBAL_ACCENT_COLOR_NAME = AccentColor;
				CODE_SIGN_STYLE = Automatic;
				CURRENT_PROJECT_VERSION = 1;
				DEVELOPMENT_ASSET_PATHS = "\"DragAndDrop/Preview Content\"";
				DEVELOPMENT_TEAM = 97423JQ8B9;
				ENABLE_PREVIEWS = YES;
				GENERATE_INFOPLIST_FILE = YES;
				INFOPLIST_FILE = DragAndDrop/Info.plist;
				INFOPLIST_KEY_CFBundleDisplayName = iLikeToMoveIt;
				INFOPLIST_KEY_LSApplicationCategoryType = "public.app-category.developer-tools";
				INFOPLIST_KEY_UIApplicationSceneManifest_Generation = YES;
				INFOPLIST_KEY_UIApplicationSupportsIndirectInputEvents = YES;
				INFOPLIST_KEY_UILaunchScreen_Generation = YES;
				INFOPLIST_KEY_UISupportedInterfaceOrientations_iPad = "UIInterfaceOrientationPortrait UIInterfaceOrientationPortraitUpsideDown UIInterfaceOrientationLandscapeLeft UIInterfaceOrientationLandscapeRight";
				INFOPLIST_KEY_UISupportedInterfaceOrientations_iPhone = "UIInterfaceOrientationPortrait UIInterfaceOrientationLandscapeLeft UIInterfaceOrientationLandscapeRight";
				IPHONEOS_DEPLOYMENT_TARGET = 14.0;
				LD_RUNPATH_SEARCH_PATHS = (
					"$(inherited)",
					"@executable_path/Frameworks",
				);
				MARKETING_VERSION = 1.0;
				PRODUCT_BUNDLE_IDENTIFIER = com.abetterwaytodo.DragAndDrop;
				PRODUCT_NAME = "$(TARGET_NAME)";
				SWIFT_EMIT_LOC_STRINGS = YES;
				SWIFT_STRICT_CONCURRENCY = complete;
				SWIFT_VERSION = 6.0;
				TARGETED_DEVICE_FAMILY = "1,2";
			};
			name = Release;
		};
/* End XCBuildConfiguration section */

/* Begin XCConfigurationList section */
		CFF37A1428F5ED1A00E967FB /* Build configuration list for PBXProject "DragAndDrop" */ = {
			isa = XCConfigurationList;
			buildConfigurations = (
				CFF37A2528F5ED1A00E967FB /* Debug */,
				CFF37A2628F5ED1A00E967FB /* Release */,
			);
			defaultConfigurationIsVisible = 0;
			defaultConfigurationName = Release;
		};
		CFF37A2728F5ED1A00E967FB /* Build configuration list for PBXNativeTarget "DragAndDrop" */ = {
			isa = XCConfigurationList;
			buildConfigurations = (
				CFF37A2828F5ED1A00E967FB /* Debug */,
				CFF37A2928F5ED1A00E967FB /* Release */,
			);
			defaultConfigurationIsVisible = 0;
			defaultConfigurationName = Release;
		};
/* End XCConfigurationList section */

/* Begin XCLocalSwiftPackageReference section */
		CFB7DE112CAF356600B50D49 /* XCLocalSwiftPackageReference "../../ILikeToMoveIt" */ = {
			isa = XCLocalSwiftPackageReference;
			relativePath = ../../ILikeToMoveIt;
		};
/* End XCLocalSwiftPackageReference section */

/* Begin XCSwiftPackageProductDependency section */
		CFF321262CAF3DDA008DC0DB /* ILikeToMoveIt */ = {
			isa = XCSwiftPackageProductDependency;
			package = CFB7DE112CAF356600B50D49 /* XCLocalSwiftPackageReference "../../ILikeToMoveIt" */;
			productName = ILikeToMoveIt;
		};
/* End XCSwiftPackageProductDependency section */
	};
	rootObject = CFF37A1128F5ED1A00E967FB /* Project object */;
}
